// !$*UTF8*$!
{
	archiveVersion = 1;
	classes = {
	};
	objectVersion = 50;
	objects = {

/* Begin PBXBuildFile section */
		A272CC8E267E94E0000B6633 /* proyectofinal2App.swift in Sources */ = {isa = PBXBuildFile; fileRef = A272CC8D267E94E0000B6633 /* proyectofinal2App.swift */; };
		A272CC90267E94E0000B6633 /* ContentView.swift in Sources */ = {isa = PBXBuildFile; fileRef = A272CC8F267E94E0000B6633 /* ContentView.swift */; };
		A272CC92267E94E3000B6633 /* Assets.xcassets in Resources */ = {isa = PBXBuildFile; fileRef = A272CC91267E94E3000B6633 /* Assets.xcassets */; };
		A272CC95267E94E3000B6633 /* Preview Assets.xcassets in Resources */ = {isa = PBXBuildFile; fileRef = A272CC94267E94E3000B6633 /* Preview Assets.xcassets */; };
		A29BB6FC267FE2C100E6FD72 /* DigimonData.swift in Sources */ = {isa = PBXBuildFile; fileRef = A29BB6FB267FE2C100E6FD72 /* DigimonData.swift */; };
		A29BB703267FE41D00E6FD72 /* DigimonGenerator.swift in Sources */ = {isa = PBXBuildFile; fileRef = A29BB702267FE41D00E6FD72 /* DigimonGenerator.swift */; };
		A29BB7062680516400E6FD72 /* imageLoader.swift in Sources */ = {isa = PBXBuildFile; fileRef = A29BB7052680516400E6FD72 /* imageLoader.swift */; };
/* End PBXBuildFile section */

/* Begin PBXFileReference section */
		A272CC8A267E94E0000B6633 /* proyectofinal2.app */ = {isa = PBXFileReference; explicitFileType = wrapper.application; includeInIndex = 0; path = proyectofinal2.app; sourceTree = BUILT_PRODUCTS_DIR; };
		A272CC8D267E94E0000B6633 /* proyectofinal2App.swift */ = {isa = PBXFileReference; lastKnownFileType = sourcecode.swift; path = proyectofinal2App.swift; sourceTree = "<group>"; };
		A272CC8F267E94E0000B6633 /* ContentView.swift */ = {isa = PBXFileReference; lastKnownFileType = sourcecode.swift; path = ContentView.swift; sourceTree = "<group>"; };
		A272CC91267E94E3000B6633 /* Assets.xcassets */ = {isa = PBXFileReference; lastKnownFileType = folder.assetcatalog; path = Assets.xcassets; sourceTree = "<group>"; };
		A272CC94267E94E3000B6633 /* Preview Assets.xcassets */ = {isa = PBXFileReference; lastKnownFileType = folder.assetcatalog; path = "Preview Assets.xcassets"; sourceTree = "<group>"; };
		A272CC96267E94E3000B6633 /* Info.plist */ = {isa = PBXFileReference; lastKnownFileType = text.plist.xml; path = Info.plist; sourceTree = "<group>"; };
		A29BB6FB267FE2C100E6FD72 /* DigimonData.swift */ = {isa = PBXFileReference; lastKnownFileType = sourcecode.swift; path = DigimonData.swift; sourceTree = "<group>"; };
		A29BB702267FE41D00E6FD72 /* DigimonGenerator.swift */ = {isa = PBXFileReference; lastKnownFileType = sourcecode.swift; path = DigimonGenerator.swift; sourceTree = "<group>"; };
		A29BB7052680516400E6FD72 /* imageLoader.swift */ = {isa = PBXFileReference; lastKnownFileType = sourcecode.swift; path = imageLoader.swift; sourceTree = "<group>"; };
/* End PBXFileReference section */

/* Begin PBXFrameworksBuildPhase section */
		A272CC87267E94E0000B6633 /* Frameworks */ = {
			isa = PBXFrameworksBuildPhase;
			buildActionMask = 2147483647;
			files = (
			);
			runOnlyForDeploymentPostprocessing = 0;
		};
/* End PBXFrameworksBuildPhase section */

/* Begin PBXGroup section */
		A272CC81267E94DF000B6633 = {
			isa = PBXGroup;
			children = (
				A29BB7052680516400E6FD72 /* imageLoader.swift */,
				A272CC8C267E94E0000B6633 /* proyectofinal2 */,
				A272CC8B267E94E0000B6633 /* Products */,
			);
			sourceTree = "<group>";
		};
		A272CC8B267E94E0000B6633 /* Products */ = {
			isa = PBXGroup;
			children = (
				A272CC8A267E94E0000B6633 /* proyectofinal2.app */,
			);
			name = Products;
			sourceTree = "<group>";
		};
		A272CC8C267E94E0000B6633 /* proyectofinal2 */ = {
			isa = PBXGroup;
			children = (
				A272CC8D267E94E0000B6633 /* proyectofinal2App.swift */,
				A272CC8F267E94E0000B6633 /* ContentView.swift */,
				A272CC91267E94E3000B6633 /* Assets.xcassets */,
				A272CC96267E94E3000B6633 /* Info.plist */,
				A272CC93267E94E3000B6633 /* Preview Content */,
				A29BB6FB267FE2C100E6FD72 /* DigimonData.swift */,
				A29BB702267FE41D00E6FD72 /* DigimonGenerator.swift */,
			);
			path = proyectofinal2;
			sourceTree = "<group>";
		};
		A272CC93267E94E3000B6633 /* Preview Content */ = {
			isa = PBXGroup;
			children = (
				A272CC94267E94E3000B6633 /* Preview Assets.xcassets */,
			);
			path = "Preview Content";
			sourceTree = "<group>";
		};
/* End PBXGroup section */

/* Begin PBXNativeTarget section */
		A272CC89267E94E0000B6633 /* proyectofinal2 */ = {
			isa = PBXNativeTarget;
			buildConfigurationList = A272CC99267E94E3000B6633 /* Build configuration list for PBXNativeTarget "proyectofinal2" */;
			buildPhases = (
				A272CC86267E94E0000B6633 /* Sources */,
				A272CC87267E94E0000B6633 /* Frameworks */,
				A272CC88267E94E0000B6633 /* Resources */,
			);
			buildRules = (
			);
			dependencies = (
			);
			name = proyectofinal2;
			productName = proyectofinal2;
			productReference = A272CC8A267E94E0000B6633 /* proyectofinal2.app */;
			productType = "com.apple.product-type.application";
		};
/* End PBXNativeTarget section */

/* Begin PBXProject section */
		A272CC82267E94E0000B6633 /* Project object */ = {
			isa = PBXProject;
			attributes = {
				LastSwiftUpdateCheck = 1240;
				LastUpgradeCheck = 1240;
				TargetAttributes = {
					A272CC89267E94E0000B6633 = {
						CreatedOnToolsVersion = 12.4;
					};
				};
			};
			buildConfigurationList = A272CC85267E94E0000B6633 /* Build configuration list for PBXProject "proyectofinal2" */;
			compatibilityVersion = "Xcode 9.3";
			developmentRegion = en;
			hasScannedForEncodings = 0;
			knownRegions = (
				en,
				Base,
			);
			mainGroup = A272CC81267E94DF000B6633;
			productRefGroup = A272CC8B267E94E0000B6633 /* Products */;
			projectDirPath = "";
			projectRoot = "";
			targets = (
				A272CC89267E94E0000B6633 /* proyectofinal2 */,
			);
		};
/* End PBXProject section */

/* Begin PBXResourcesBuildPhase section */
		A272CC88267E94E0000B6633 /* Resources */ = {
			isa = PBXResourcesBuildPhase;
			buildActionMask = 2147483647;
			files = (
				A272CC95267E94E3000B6633 /* Preview Assets.xcassets in Resources */,
				A272CC92267E94E3000B6633 /* Assets.xcassets in Resources */,
			);
			runOnlyForDeploymentPostprocessing = 0;
		};
/* End PBXResourcesBuildPhase section */

/* Begin PBXSourcesBuildPhase section */
		A272CC86267E94E0000B6633 /* Sources */ = {
			isa = PBXSourcesBuildPhase;
			buildActionMask = 2147483647;
			files = (
				A272CC90267E94E0000B6633 /* ContentView.swift in Sources */,
				A272CC8E267E94E0000B6633 /* proyectofinal2App.swift in Sources */,
				A29BB7062680516400E6FD72 /* imageLoader.swift in Sources */,
				A29BB6FC267FE2C100E6FD72 /* DigimonData.swift in Sources */,
				A29BB703267FE41D00E6FD72 /* DigimonGenerator.swift in Sources */,
			);
			runOnlyForDeploymentPostprocessing = 0;
		};
/* End PBXSourcesBuildPhase section */

/* Begin XCBuildConfiguration section */
		A272CC97267E94E3000B6633 /* Debug */ = {
			isa = XCBuildConfiguration;
			buildSettings = {
				ALWAYS_SEARCH_USER_PATHS = NO;
				CLANG_ANALYZER_NONNULL = YES;
				CLANG_ANALYZER_NUMBER_OBJECT_CONVERSION = YES_AGGRESSIVE;
				CLANG_CXX_LANGUAGE_STANDARD = "gnu++14";
				CLANG_CXX_LIBRARY = "libc++";
				CLANG_ENABLE_MODULES = YES;
				CLANG_ENABLE_OBJC_ARC = YES;
				CLANG_ENABLE_OBJC_WEAK = YES;
				CLANG_WARN_BLOCK_CAPTURE_AUTORELEASING = YES;
				CLANG_WARN_BOOL_CONVERSION = YES;
				CLANG_WARN_COMMA = YES;
				CLANG_WARN_CONSTANT_CONVERSION = YES;
				CLANG_WARN_DEPRECATED_OBJC_IMPLEMENTATIONS = YES;
				CLANG_WARN_DIRECT_OBJC_ISA_USAGE = YES_ERROR;
				CLANG_WARN_DOCUMENTATION_COMMENTS = YES;
				CLANG_WARN_EMPTY_BODY = YES;
				CLANG_WARN_ENUM_CONVERSION = YES;
				CLANG_WARN_INFINITE_RECURSION = YES;
				CLANG_WARN_INT_CONVERSION = YES;
				CLANG_WARN_NON_LITERAL_NULL_CONVERSION = YES;
				CLANG_WARN_OBJC_IMPLICIT_RETAIN_SELF = YES;
				CLANG_WARN_OBJC_LITERAL_CONVERSION = YES;
				CLANG_WARN_OBJC_ROOT_CLASS = YES_ERROR;
				CLANG_WARN_QUOTED_INCLUDE_IN_FRAMEWORK_HEADER = YES;
				CLANG_WARN_RANGE_LOOP_ANALYSIS = YES;
				CLANG_WARN_STRICT_PROTOTYPES = YES;
				CLANG_WARN_SUSPICIOUS_MOVE = YES;
				CLANG_WARN_UNGUARDED_AVAILABILITY = YES_AGGRESSIVE;
				CLANG_WARN_UNREACHABLE_CODE = YES;
				CLANG_WARN__DUPLICATE_METHOD_MATCH = YES;
				COPY_PHASE_STRIP = NO;
				DEBUG_INFORMATION_FORMAT = dwarf;
				ENABLE_STRICT_OBJC_MSGSEND = YES;
				ENABLE_TESTABILITY = YES;
				GCC_C_LANGUAGE_STANDARD = gnu11;
				GCC_DYNAMIC_NO_PIC = NO;
				GCC_NO_COMMON_BLOCKS = YES;
				GCC_OPTIMIZATION_LEVEL = 0;
				GCC_PREPROCESSOR_DEFINITIONS = (
					"DEBUG=1",
					"$(inherited)",
				);
				GCC_WARN_64_TO_32_BIT_CONVERSION = YES;
				GCC_WARN_ABOUT_RETURN_TYPE = YES_ERROR;
				GCC_WARN_UNDECLARED_SELECTOR = YES;
				GCC_WARN_UNINITIALIZED_AUTOS = YES_AGGRESSIVE;
				GCC_WARN_UNUSED_FUNCTION = YES;
				GCC_WARN_UNUSED_VARIABLE = YES;
				IPHONEOS_DEPLOYMENT_TARGET = 14.4;
				MTL_ENABLE_DEBUG_INFO = INCLUDE_SOURCE;
				MTL_FAST_MATH = YES;
				ONLY_ACTIVE_ARCH = YES;
				SDKROOT = iphoneos;
				SWIFT_ACTIVE_COMPILATION_CONDITIONS = DEBUG;
				SWIFT_OPTIMIZATION_LEVEL = "-Onone";
			};
			name = Debug;
		};
		A272CC98267E94E3000B6633 /* Release */ = {
			isa = XCBuildConfiguration;
			buildSettings = {
				ALWAYS_SEARCH_USER_PATHS = NO;
				CLANG_ANALYZER_NONNULL = YES;
				CLANG_ANALYZER_NUMBER_OBJECT_CONVERSION = YES_AGGRESSIVE;
				CLANG_CXX_LANGUAGE_STANDARD = "gnu++14";
				CLANG_CXX_LIBRARY = "libc++";
				CLANG_ENABLE_MODULES = YES;
				CLANG_ENABLE_OBJC_ARC = YES;
				CLANG_ENABLE_OBJC_WEAK = YES;
				CLANG_WARN_BLOCK_CAPTURE_AUTORELEASING = YES;
				CLANG_WARN_BOOL_CONVERSION = YES;
				CLANG_WARN_COMMA = YES;
				CLANG_WARN_CONSTANT_CONVERSION = YES;
				CLANG_WARN_DEPRECATED_OBJC_IMPLEMENTATIONS = YES;
				CLANG_WARN_DIRECT_OBJC_ISA_USAGE = YES_ERROR;
				CLANG_WARN_DOCUMENTATION_COMMENTS = YES;
				CLANG_WARN_EMPTY_BODY = YES;
				CLANG_WARN_ENUM_CONVERSION = YES;
				CLANG_WARN_INFINITE_RECURSION = YES;
				CLANG_WARN_INT_CONVERSION = YES;
				CLANG_WARN_NON_LITERAL_NULL_CONVERSION = YES;
				CLANG_WARN_OBJC_IMPLICIT_RETAIN_SELF = YES;
				CLANG_WARN_OBJC_LITERAL_CONVERSION = YES;
				CLANG_WARN_OBJC_ROOT_CLASS = YES_ERROR;
				CLANG_WARN_QUOTED_INCLUDE_IN_FRAMEWORK_HEADER = YES;
				CLANG_WARN_RANGE_LOOP_ANALYSIS = YES;
				CLANG_WARN_STRICT_PROTOTYPES = YES;
				CLANG_WARN_SUSPICIOUS_MOVE = YES;
				CLANG_WARN_UNGUARDED_AVAILABILITY = YES_AGGRESSIVE;
				CLANG_WARN_UNREACHABLE_CODE = YES;
				CLANG_WARN__DUPLICATE_METHOD_MATCH = YES;
				COPY_PHASE_STRIP = NO;
				DEBUG_INFORMATION_FORMAT = "dwarf-with-dsym";
				ENABLE_NS_ASSERTIONS = NO;
				ENABLE_STRICT_OBJC_MSGSEND = YES;
				GCC_C_LANGUAGE_STANDARD = gnu11;
				GCC_NO_COMMON_BLOCKS = YES;
				GCC_WARN_64_TO_32_BIT_CONVERSION = YES;
				GCC_WARN_ABOUT_RETURN_TYPE = YES_ERROR;
				GCC_WARN_UNDECLARED_SELECTOR = YES;
				GCC_WARN_UNINITIALIZED_AUTOS = YES_AGGRESSIVE;
				GCC_WARN_UNUSED_FUNCTION = YES;
				GCC_WARN_UNUSED_VARIABLE = YES;
				IPHONEOS_DEPLOYMENT_TARGET = 14.4;
				MTL_ENABLE_DEBUG_INFO = NO;
				MTL_FAST_MATH = YES;
				SDKROOT = iphoneos;
				SWIFT_COMPILATION_MODE = wholemodule;
				SWIFT_OPTIMIZATION_LEVEL = "-O";
				VALIDATE_PRODUCT = YES;
			};
			name = Release;
		};
		A272CC9A267E94E3000B6633 /* Debug */ = {
			isa = XCBuildConfiguration;
			buildSettings = {
				ASSETCATALOG_COMPILER_APPICON_NAME = AppIcon;
				ASSETCATALOG_COMPILER_GLOBAL_ACCENT_COLOR_NAME = AccentColor;
				CODE_SIGN_STYLE = Automatic;
				DEVELOPMENT_ASSET_PATHS = "\"proyectofinal2/Preview Content\"";
				ENABLE_PREVIEWS = YES;
				INFOPLIST_FILE = proyectofinal2/Info.plist;
				IPHONEOS_DEPLOYMENT_TARGET = 14.1;
				LD_RUNPATH_SEARCH_PATHS = (
					"$(inherited)",
					"@executable_path/Frameworks",
				);
				PRODUCT_BUNDLE_IDENTIFIER = Maniacorp.proyectofinal2;
				PRODUCT_NAME = "$(TARGET_NAME)";
				SWIFT_VERSION = 5.0;
				TARGETED_DEVICE_FAMILY = "1,2";
			};
			name = Debug;
		};
		A272CC9B267E94E3000B6633 /* Release */ = {
			isa = XCBuildConfiguration;
			buildSettings = {
				ASSETCATALOG_COMPILER_APPICON_NAME = AppIcon;
				ASSETCATALOG_COMPILER_GLOBAL_ACCENT_COLOR_NAME = AccentColor;
				CODE_SIGN_STYLE = Automatic;
				DEVELOPMENT_ASSET_PATHS = "\"proyectofinal2/Preview Content\"";
				ENABLE_PREVIEWS = YES;
				INFOPLIST_FILE = proyectofinal2/Info.plist;
				IPHONEOS_DEPLOYMENT_TARGET = 14.1;
				LD_RUNPATH_SEARCH_PATHS = (
					"$(inherited)",
					"@executable_path/Frameworks",
				);
				PRODUCT_BUNDLE_IDENTIFIER = Maniacorp.proyectofinal2;
				PRODUCT_NAME = "$(TARGET_NAME)";
				SWIFT_VERSION = 5.0;
				TARGETED_DEVICE_FAMILY = "1,2";
			};
			name = Release;
		};
/* End XCBuildConfiguration section */

/* Begin XCConfigurationList section */
		A272CC85267E94E0000B6633 /* Build configuration list for PBXProject "proyectofinal2" */ = {
			isa = XCConfigurationList;
			buildConfigurations = (
				A272CC97267E94E3000B6633 /* Debug */,
				A272CC98267E94E3000B6633 /* Release */,
			);
			defaultConfigurationIsVisible = 0;
			defaultConfigurationName = Release;
		};
		A272CC99267E94E3000B6633 /* Build configuration list for PBXNativeTarget "proyectofinal2" */ = {
			isa = XCConfigurationList;
			buildConfigurations = (
				A272CC9A267E94E3000B6633 /* Debug */,
				A272CC9B267E94E3000B6633 /* Release */,
			);
			defaultConfigurationIsVisible = 0;
			defaultConfigurationName = Release;
		};
/* End XCConfigurationList section */
	};
	rootObject = A272CC82267E94E0000B6633 /* Project object */;
}
